
Microsoft Visual Studio Solution File, Format Version 12.00
# Visual Studio Version 16
VisualStudioVersion = 16.0.31321.278
MinimumVisualStudioVersion = 10.0.40219.1
Project("{FAE04EC0-301F-11D3-BF4B-00C04F79EFBC}") = "Filght Docs", "Filght Docs\Filght Docs.csproj", "{8B14AB74-2AEC-4FC2-9E53-FC025C5E6E2E}"
EndProject
Global
	GlobalSection(SolutionConfigurationPlatforms) = preSolution
		Debug|Any CPU = Debug|Any CPU
		Release|Any CPU = Release|Any CPU
	EndGlobalSection
	GlobalSection(ProjectConfigurationPlatforms) = postSolution
		{8B14AB74-2AEC-4FC2-9E53-FC025C5E6E2E}.Debug|Any CPU.ActiveCfg = Debug|Any CPU
		{8B14AB74-2AEC-4FC2-9E53-FC025C5E6E2E}.Debug|Any CPU.Build.0 = Debug|Any CPU
		{8B14AB74-2AEC-4FC2-9E53-FC025C5E6E2E}.Release|Any CPU.ActiveCfg = Release|Any CPU
		{8B14AB74-2AEC-4FC2-9E53-FC025C5E6E2E}.Release|Any CPU.Build.0 = Release|Any CPU
	EndGlobalSection
	GlobalSection(SolutionProperties) = preSolution
		HideSolutionNode = FALSE
	EndGlobalSection
	GlobalSection(ExtensibilityGlobals) = postSolution
		SolutionGuid = {26432766-60C3-4536-A900-AF0200EDFC38}
	EndGlobalSection
EndGlobal
